
Microsoft Visual Studio Solution File, Format Version 12.00
# Visual Studio 15
VisualStudioVersion = 15.0.28307.271
MinimumVisualStudioVersion = 10.0.40219.1
Project("{FAE04EC0-301F-11D3-BF4B-00C04F79EFBC}") = "hey.console", "hey.console\hey.console.csproj", "{CD72C8E4-54F9-42AC-80F3-01D3FECDD079}"
EndProject
Global
	GlobalSection(SolutionConfigurationPlatforms) = preSolution
		Debug|Any CPU = Debug|Any CPU
		Release|Any CPU = Release|Any CPU
	EndGlobalSection
	GlobalSection(ProjectConfigurationPlatforms) = postSolution
		{CD72C8E4-54F9-42AC-80F3-01D3FECDD079}.Debug|Any CPU.ActiveCfg = Debug|Any CPU
		{CD72C8E4-54F9-42AC-80F3-01D3FECDD079}.Debug|Any CPU.Build.0 = Debug|Any CPU
		{CD72C8E4-54F9-42AC-80F3-01D3FECDD079}.Release|Any CPU.ActiveCfg = Release|Any CPU
		{CD72C8E4-54F9-42AC-80F3-01D3FECDD079}.Release|Any CPU.Build.0 = Release|Any CPU
	EndGlobalSection
	GlobalSection(SolutionProperties) = preSolution
		HideSolutionNode = FALSE
	EndGlobalSection
	GlobalSection(ExtensibilityGlobals) = postSolution
		SolutionGuid = {8FD9925A-0E9A-495A-AF53-53BC1E34E7A8}
	EndGlobalSection
EndGlobal
